uuid: a35d8b2f-ecf7-4405-bec2-11beb082b627
langcode: en
status: true
dependencies:
  module:
    - system
  theme:
    - magazine
id: bannerblock
theme: magazine
region: banner
weight: -21
provider: null
plugin: 'block_content:a90704e5-38e3-40dd-9617-ec655bb4f118'
settings:
  id: 'block_content:a90704e5-38e3-40dd-9617-ec655bb4f118'
  label: 'Banner Block'
  provider: block_content
  label_display: '0'
  status: true
  info: ''
  view_mode: full
visibility:
  request_path:
    id: request_path
    pages: '<front>'
    negate: true
    context_mapping: {  }
